# @generated by Move, please check-in and do not edit manually.

[move]
version = 3
manifest_digest = "03930C110E3EBBE67D9E22824CF5FC49202563267CCE7192FB6CBD40211C3040"
deps_digest = "397E6A9F7A624706DBDFEE056CE88391A15876868FD18A88504DA74EB458D697"
dependencies = [
  { id = "Bridge", name = "Bridge" },
  { id = "MoveStdlib", name = "MoveStdlib" },
  { id = "Sui", name = "Sui" },
  { id = "SuiSystem", name = "SuiSystem" },
  { id = "ascii", name = "ascii" },
]

[[move.package]]
id = "Bridge"
source = { git = "https://github.com/MystenLabs/sui.git", rev = "af5297b292c3", subdir = "crates/sui-framework/packages/bridge" }

dependencies = [
  { id = "MoveStdlib", name = "MoveStdlib" },
  { id = "Sui", name = "Sui" },
  { id = "SuiSystem", name = "SuiSystem" },
]

[[move.package]]
id = "MoveStdlib"
source = { git = "https://github.com/MystenLabs/sui.git", rev = "af5297b292c3", subdir = "crates/sui-framework/packages/move-stdlib" }

[[move.package]]
id = "Sui"
source = { git = "https://github.com/MystenLabs/sui.git", rev = "af5297b292c3", subdir = "crates/sui-framework/packages/sui-framework" }

dependencies = [
  { id = "MoveStdlib", name = "MoveStdlib" },
]

[[move.package]]
id = "SuiSystem"
source = { git = "https://github.com/MystenLabs/sui.git", rev = "af5297b292c3", subdir = "crates/sui-framework/packages/sui-system" }

dependencies = [
  { id = "MoveStdlib", name = "MoveStdlib" },
  { id = "Sui", name = "Sui" },
]

[[move.package]]
id = "ascii"
source = { git = "https://github.com/sui-potatoes/app.git", rev = "ascii@v1", subdir = "packages/ascii" }

dependencies = [
  { id = "Bridge", name = "Bridge" },
  { id = "MoveStdlib", name = "MoveStdlib" },
  { id = "Sui", name = "Sui" },
  { id = "SuiSystem", name = "SuiSystem" },
]

[move.toolchain-version]
compiler-version = "1.59.0"
edition = "2024"
flavor = "sui"

[env]

[env.testnet]
chain-id = "4c78adac"
original-published-id = "0x3e6d3c2275b185c087be0519b7f8fbe32919d704fa5c5389bd691fac45665334"
latest-published-id = "0x3e6d3c2275b185c087be0519b7f8fbe32919d704fa5c5389bd691fac45665334"
published-version = "1"

[env.mainnet]
chain-id = "35834a8a"
original-published-id = "0xd3977293c984ff2f916870aa53aed338d4b2aab2952e98be70c62bc3a886173a"
latest-published-id = "0xd3977293c984ff2f916870aa53aed338d4b2aab2952e98be70c62bc3a886173a"
published-version = "1"
