# @generated by Move, please check-in and do not edit manually.

[move]
version = 2
manifest_digest = "D91961D573877171BD322910BE217C8DB4870F4D2112860E10417F96B65A0EC5"
deps_digest = "F8BBB0CCB2491CA29A3DF03D6F92277A4F3574266507ACD77214D37ECA3F3082"
dependencies = [
  { name = "Sui" },
]

[[move.package]]
name = "MoveStdlib"
source = { git = "https://github.com/MystenLabs/sui.git", rev = "framework/mainnet", subdir = "crates/sui-framework/packages/move-stdlib" }

[[move.package]]
name = "Sui"
source = { git = "https://github.com/MystenLabs/sui.git", rev = "framework/mainnet", subdir = "crates/sui-framework/packages/sui-framework" }

dependencies = [
  { name = "MoveStdlib" },
]

[move.toolchain-version]
compiler-version = "1.32.0"
edition = "2024.beta"
flavor = "sui"

[env]

[env.testnet]
chain-id = "4c78adac"
original-published-id = "0xa11d4e236d3456c14edd263859c475bc539b43afb8b41fa10974ca0abca6a1c0"
latest-published-id = "0xa11d4e236d3456c14edd263859c475bc539b43afb8b41fa10974ca0abca6a1c0"
published-version = "1"
