# @generated by Move, please check-in and do not edit manually.

[move]
version = 3
manifest_digest = "EA96E110D70658806D019B0F8756C7EB30CD9266B2D8019CA0AC6103B6E753AD"
deps_digest = "F9B494B64F0615AED0E98FC12A85B85ECD2BC5185C22D30E7F67786BB52E507C"
dependencies = [
  { id = "MoveStdlib", name = "MoveStdlib" },
  { id = "Sui", name = "Sui" },
]

[[move.package]]
id = "MoveStdlib"
source = { git = "https://github.com/MystenLabs/sui.git", rev = "04f11afaf5e0", subdir = "crates/sui-framework/packages/move-stdlib" }

[[move.package]]
id = "Sui"
source = { git = "https://github.com/MystenLabs/sui.git", rev = "04f11afaf5e0", subdir = "crates/sui-framework/packages/sui-framework" }

dependencies = [
  { id = "MoveStdlib", name = "MoveStdlib" },
]

[move.toolchain-version]
compiler-version = "1.50.1"
edition = "2024"
flavor = "sui"

[env]

[env.testnet]
chain-id = "4c78adac"
original-published-id = "0xa11d4e236d3456c14edd263859c475bc539b43afb8b41fa10974ca0abca6a1c0"
latest-published-id = "0x987b933e13355e833e183295c7d86b3155a5f5cba02b2bb92010deb7a2dee65f"
published-version = "3"

[env.mainnet]
chain-id = "35834a8a"
original-published-id = "0xea15ee7c28ff237eeb8fa1fe64b507ab97c352a46bba54b67fa751dde42696e5"
latest-published-id = "0x679d22d3317e890a1d2a9090ef3eb5917848ed16f4a14848034ae2bbf7976e9f"
published-version = "3"
