# @generated by Move, please check-in and do not edit manually.

[move]
version = 2
manifest_digest = "A3359BEEA070576E7B94445B73BDC1268128CDC0F6CBCC3428D9ACBAAFDC74E4"
deps_digest = "F8BBB0CCB2491CA29A3DF03D6F92277A4F3574266507ACD77214D37ECA3F3082"
dependencies = [
  { name = "Sui" },
]

[[move.package]]
name = "MoveStdlib"
source = { git = "https://github.com/MystenLabs/sui.git", rev = "framework/testnet", subdir = "crates/sui-framework/packages/move-stdlib" }

[[move.package]]
name = "Sui"
source = { git = "https://github.com/MystenLabs/sui.git", rev = "framework/testnet", subdir = "crates/sui-framework/packages/sui-framework" }

dependencies = [
  { name = "MoveStdlib" },
]

[move.toolchain-version]
compiler-version = "1.32.0"
edition = "2024.beta"
flavor = "sui"

[env]

[env.testnet]
chain-id = "4c78adac"
original-published-id = "0x8da612bc4f6eb8584d8577baffe858bf4b9d9373f3366c06dd69b3ab72fb6c66"
latest-published-id = "0x8da612bc4f6eb8584d8577baffe858bf4b9d9373f3366c06dd69b3ab72fb6c66"
published-version = "1"
