# @generated by Move, please check-in and do not edit manually.

[move]
version = 3
manifest_digest = "898A5FE65DD535FC45802C8571B4129791A82C38BAC0F0A34AB2A7B1386C47F2"
deps_digest = "3C4103934B1E040BB6B23F1D610B4EF9F2F1166A50A104EADCF77467C004C600"
dependencies = [
  { id = "Grid", name = "Grid" },
  { id = "Sui", name = "Sui" },
]

[[move.package]]
id = "Grid"
source = { local = "../grid" }

dependencies = [
  { id = "Sui", name = "Sui" },
]

[[move.package]]
id = "MoveStdlib"
source = { git = "https://github.com/MystenLabs/sui.git", rev = "framework/testnet", subdir = "crates/sui-framework/packages/move-stdlib" }

[[move.package]]
id = "Sui"
source = { git = "https://github.com/MystenLabs/sui.git", rev = "framework/testnet", subdir = "crates/sui-framework/packages/sui-framework" }

dependencies = [
  { id = "MoveStdlib", name = "MoveStdlib" },
]

[move.toolchain-version]
compiler-version = "1.35.0"
edition = "2024.beta"
flavor = "sui"

[env]

[env.testnet]
chain-id = "4c78adac"
original-published-id = "0x6a7c6106c49e77cbc376763613855ae66999d04f243acc8b9c34293436c50988"
latest-published-id = "0x6a7c6106c49e77cbc376763613855ae66999d04f243acc8b9c34293436c50988"
published-version = "1"
