# @generated by Move, please check-in and do not edit manually.

[move]
version = 2
manifest_digest = "898A5FE65DD535FC45802C8571B4129791A82C38BAC0F0A34AB2A7B1386C47F2"
deps_digest = "3C4103934B1E040BB6B23F1D610B4EF9F2F1166A50A104EADCF77467C004C600"
dependencies = [
  { name = "Grid" },
  { name = "Sui" },
]

[[move.package]]
name = "Grid"
source = { local = "../grid" }

dependencies = [
  { name = "Sui" },
]

[[move.package]]
name = "MoveStdlib"
source = { git = "https://github.com/MystenLabs/sui.git", rev = "framework/testnet", subdir = "crates/sui-framework/packages/move-stdlib" }

[[move.package]]
name = "Sui"
source = { git = "https://github.com/MystenLabs/sui.git", rev = "framework/testnet", subdir = "crates/sui-framework/packages/sui-framework" }

dependencies = [
  { name = "MoveStdlib" },
]

[move.toolchain-version]
compiler-version = "1.33.0"
edition = "2024.beta"
flavor = "sui"

[env]

[env.testnet]
chain-id = "4c78adac"
original-published-id = "0xa80c26342d0d6bdc7f13c5b96cf500849ea3fe385de9bcfee36828ddbd70a711"
latest-published-id = "0xa80c26342d0d6bdc7f13c5b96cf500849ea3fe385de9bcfee36828ddbd70a711"
published-version = "1"
