# @generated by Move, please check-in and do not edit manually.

[move]
version = 3
manifest_digest = "461A7233F3D94F8EDE2C7EE654F91A3D9C591A2EB7E726099FC9B0B646A7EC40"
deps_digest = "060AD7E57DFB13104F21BE5F5C3759D03F0553FC3229247D9A7A6B45F50D03A3"
dependencies = [
  { id = "Codec", name = "Codec" },
  { id = "Sui", name = "Sui" },
]
dev-dependencies = [
  { id = "suifrens", name = "Suifrens" },
]

[[move.package]]
id = "Codec"
source = { local = "../codec" }

dependencies = [
  { id = "Sui", name = "Sui" },
]

[[move.package]]
id = "MoveStdlib"
source = { git = "https://github.com/MystenLabs/sui.git", rev = "framework/testnet", subdir = "crates/sui-framework/packages/move-stdlib" }

[[move.package]]
id = "Sui"
source = { git = "https://github.com/MystenLabs/sui.git", rev = "framework/testnet", subdir = "crates/sui-framework/packages/sui-framework" }

dependencies = [
  { id = "MoveStdlib", name = "MoveStdlib" },
]

[[move.package]]
id = "suifrens"
source = { git = "https://github.com/MystenLabs/apps.git", rev = "main", subdir = "suifrens/suifrens" }

dependencies = [
  { id = "Sui", name = "Sui" },
]

[move.toolchain-version]
compiler-version = "1.38.3"
edition = "2024.beta"
flavor = "sui"

[env]

[env.testnet]
chain-id = "4c78adac"
original-published-id = "0x6c034a79647c9a2d3ca320b74c6ca59d1f5648aae0a0b96c0dfc8c4866814cdb"
latest-published-id = "0x6c034a79647c9a2d3ca320b74c6ca59d1f5648aae0a0b96c0dfc8c4866814cdb"
published-version = "1"
