# @generated by Move, please check-in and do not edit manually.

[move]
version = 3
manifest_digest = "9BC8CF015B5AEADD232059059B04F1FE94EE9241D6D7A898D58011FE084CD355"
deps_digest = "CAFAD8A7CF51067FB4358215BECB86BD100DD64E57C2AC8A7AE7D74B688F5965"
dependencies = [
  { id = "Bridge", name = "Bridge" },
  { id = "Codec", name = "Codec" },
  { id = "DeepBook", name = "DeepBook" },
  { id = "MoveStdlib", name = "MoveStdlib" },
  { id = "Sui", name = "Sui" },
  { id = "SuiSystem", name = "SuiSystem" },
]
dev-dependencies = [
  { id = "suifrens", name = "Suifrens" },
]

[[move.package]]
id = "Bridge"
source = { git = "https://github.com/MystenLabs/sui.git", rev = "9c04e1840eb5", subdir = "crates/sui-framework/packages/bridge" }

dependencies = [
  { id = "MoveStdlib", name = "MoveStdlib" },
  { id = "Sui", name = "Sui" },
  { id = "SuiSystem", name = "SuiSystem" },
]

[[move.package]]
id = "Codec"
source = { local = "../codec" }

dependencies = [
  { id = "Bridge", name = "Bridge" },
  { id = "DeepBook", name = "DeepBook" },
  { id = "MoveStdlib", name = "MoveStdlib" },
  { id = "Sui", name = "Sui" },
  { id = "SuiSystem", name = "SuiSystem" },
]

[[move.package]]
id = "DeepBook"
source = { git = "https://github.com/MystenLabs/sui.git", rev = "9c04e1840eb5", subdir = "crates/sui-framework/packages/deepbook" }

dependencies = [
  { id = "MoveStdlib", name = "MoveStdlib" },
  { id = "Sui", name = "Sui" },
]

[[move.package]]
id = "MoveStdlib"
source = { git = "https://github.com/MystenLabs/sui.git", rev = "9c04e1840eb5", subdir = "crates/sui-framework/packages/move-stdlib" }

[[move.package]]
id = "Sui"
source = { git = "https://github.com/MystenLabs/sui.git", rev = "9c04e1840eb5", subdir = "crates/sui-framework/packages/sui-framework" }

dependencies = [
  { id = "MoveStdlib", name = "MoveStdlib" },
]

[[move.package]]
id = "SuiSystem"
source = { git = "https://github.com/MystenLabs/sui.git", rev = "9c04e1840eb5", subdir = "crates/sui-framework/packages/sui-system" }

dependencies = [
  { id = "MoveStdlib", name = "MoveStdlib" },
  { id = "Sui", name = "Sui" },
]

[[move.package]]
id = "suifrens"
source = { git = "https://github.com/MystenLabs/apps.git", rev = "main", subdir = "suifrens/suifrens" }

dependencies = [
  { id = "Sui", name = "Sui" },
]

[move.toolchain-version]
compiler-version = "1.45.2"
edition = "2024.beta"
flavor = "sui"

[env]

[env.testnet]
chain-id = "4c78adac"
original-published-id = "0x6c034a79647c9a2d3ca320b74c6ca59d1f5648aae0a0b96c0dfc8c4866814cdb"
latest-published-id = "0x6c034a79647c9a2d3ca320b74c6ca59d1f5648aae0a0b96c0dfc8c4866814cdb"
published-version = "1"
