# @generated by Move, please check-in and do not edit manually.

[move]
version = 2
manifest_digest = "8BCA3EA5BCF6EB58550D0556697F89ACB55F07812BDAC82A8892E9D6319DD13A"
deps_digest = "060AD7E57DFB13104F21BE5F5C3759D03F0553FC3229247D9A7A6B45F50D03A3"
dependencies = [
  { name = "Codec" },
  { name = "SVG" },
  { name = "Sui" },
]

[[move.package]]
name = "Codec"
source = { local = "../codec" }

dependencies = [
  { name = "Sui" },
]

[[move.package]]
name = "MoveStdlib"
source = { git = "https://github.com/MystenLabs/sui.git", rev = "framework/mainnet", subdir = "crates/sui-framework/packages/move-stdlib" }

[[move.package]]
name = "SVG"
source = { local = "../svg" }

dependencies = [
  { name = "Sui" },
]

dev-dependencies = [
  { name = "Codec" },
]

[[move.package]]
name = "Sui"
source = { git = "https://github.com/MystenLabs/sui.git", rev = "framework/mainnet", subdir = "crates/sui-framework/packages/sui-framework" }

dependencies = [
  { name = "MoveStdlib" },
]

[move.toolchain-version]
compiler-version = "1.32.0"
edition = "2024.beta"
flavor = "sui"

[env]

[env.testnet]
chain-id = "4c78adac"
original-published-id = "0x1375ebfa8247b3f96728d994979e221d8cf720a636ac184ba7eed6d4008610e7"
latest-published-id = "0x1375ebfa8247b3f96728d994979e221d8cf720a636ac184ba7eed6d4008610e7"
published-version = "1"
