# @generated by Move, please check-in and do not edit manually.

[move]
version = 3
manifest_digest = "A9F9C5DFBFC0DDBA6912C691BC908F769D08D0376DA112EB40FC96FD17F8F13D"
deps_digest = "52B406A7A21811BEF51751CF88DA0E76DAEFFEAC888D4F4060B1A72BBE7D8D35"
dependencies = [
  { id = "Codec", name = "Codec" },
  { id = "MoveStdlib", name = "MoveStdlib" },
  { id = "SVG", name = "SVG" },
  { id = "Sui", name = "Sui" },
]

[[move.package]]
id = "Codec"
source = { local = "../codec" }

dependencies = [
  { id = "Bridge", name = "Bridge" },
  { id = "MoveStdlib", name = "MoveStdlib" },
  { id = "Sui", name = "Sui" },
  { id = "SuiSystem", name = "SuiSystem" },
]

[[move.package]]
id = "MoveStdlib"
source = { git = "https://github.com/MystenLabs/sui.git", rev = "04f11afaf5e0", subdir = "crates/sui-framework/packages/move-stdlib" }

[[move.package]]
id = "SVG"
source = { local = "../svg" }

dependencies = [
  { id = "Codec", name = "Codec" },
  { id = "MoveStdlib", name = "MoveStdlib" },
  { id = "Sui", name = "Sui" },
]

dev-dependencies = [
  { id = "suifrens", name = "Suifrens" },
]

[[move.package]]
id = "Sui"
source = { git = "https://github.com/MystenLabs/sui.git", rev = "04f11afaf5e0", subdir = "crates/sui-framework/packages/sui-framework" }

dependencies = [
  { id = "MoveStdlib", name = "MoveStdlib" },
]

[[move.package]]
id = "suifrens"
source = { git = "https://github.com/MystenLabs/apps.git", rev = "main", subdir = "suifrens/suifrens" }

dependencies = [
  { id = "Sui", name = "Sui" },
]

[move.toolchain-version]
compiler-version = "1.46.1"
edition = "2024.beta"
flavor = "sui"
