# @generated by Move, please check-in and do not edit manually.

[move]
version = 2
manifest_digest = "09E96EFF150B65B8C2F33F9094E1DCF127B543DB3BF332FE094BF07CD9DAE41E"
deps_digest = "F8BBB0CCB2491CA29A3DF03D6F92277A4F3574266507ACD77214D37ECA3F3082"
dependencies = [
  { name = "Sui" },
]

[[move.package]]
name = "MoveStdlib"
source = { git = "https://github.com/MystenLabs/sui.git", rev = "framework/testnet", subdir = "crates/sui-framework/packages/move-stdlib" }

[[move.package]]
name = "Sui"
source = { git = "https://github.com/MystenLabs/sui.git", rev = "framework/testnet", subdir = "crates/sui-framework/packages/sui-framework" }

dependencies = [
  { name = "MoveStdlib" },
]

[move.toolchain-version]
compiler-version = "1.26.0"
edition = "2024.beta"
flavor = "sui"

[env]

[env.testnet]
chain-id = "4c78adac"
original-published-id = "0xdd0335bd4bf3699334e8b658b96ed2971abd66956ec6a06379ef90eb32fb4c9d"
latest-published-id = "0xdd0335bd4bf3699334e8b658b96ed2971abd66956ec6a06379ef90eb32fb4c9d"
published-version = "1"
