# @generated by Move, please check-in and do not edit manually.

[move]
version = 3
manifest_digest = "ADD476C844ACB284C2C2F42D55CCD33F6FFC26BE27A42FE64BB0646E102B39A5"
deps_digest = "52B406A7A21811BEF51751CF88DA0E76DAEFFEAC888D4F4060B1A72BBE7D8D35"
dependencies = [
  { id = "Bridge", name = "Bridge" },
  { id = "MoveStdlib", name = "MoveStdlib" },
  { id = "Sui", name = "Sui" },
  { id = "SuiSystem", name = "SuiSystem" },
  { id = "ascii", name = "ascii" },
]
dev-dependencies = [
  { id = "svg", name = "svg" },
]

[[move.package]]
id = "Bridge"
source = { git = "https://github.com/MystenLabs/sui.git", rev = "af5297b292c3", subdir = "crates/sui-framework/packages/bridge" }

dependencies = [
  { id = "MoveStdlib", name = "MoveStdlib" },
  { id = "Sui", name = "Sui" },
  { id = "SuiSystem", name = "SuiSystem" },
]

[[move.package]]
id = "MoveStdlib"
source = { git = "https://github.com/MystenLabs/sui.git", rev = "af5297b292c3", subdir = "crates/sui-framework/packages/move-stdlib" }

[[move.package]]
id = "Sui"
source = { git = "https://github.com/MystenLabs/sui.git", rev = "af5297b292c3", subdir = "crates/sui-framework/packages/sui-framework" }

dependencies = [
  { id = "MoveStdlib", name = "MoveStdlib" },
]

[[move.package]]
id = "SuiSystem"
source = { git = "https://github.com/MystenLabs/sui.git", rev = "af5297b292c3", subdir = "crates/sui-framework/packages/sui-system" }

dependencies = [
  { id = "MoveStdlib", name = "MoveStdlib" },
  { id = "Sui", name = "Sui" },
]

[[move.package]]
id = "ascii"
source = { git = "https://github.com/sui-potatoes/app.git", rev = "ascii@v1", subdir = "packages/ascii" }

dependencies = [
  { id = "Bridge", name = "Bridge" },
  { id = "MoveStdlib", name = "MoveStdlib" },
  { id = "Sui", name = "Sui" },
  { id = "SuiSystem", name = "SuiSystem" },
]

[[move.package]]
id = "codec"
source = { local = "../codec" }

dependencies = [
  { id = "Bridge", name = "Bridge" },
  { id = "MoveStdlib", name = "MoveStdlib" },
  { id = "Sui", name = "Sui" },
  { id = "SuiSystem", name = "SuiSystem" },
]

[[move.package]]
id = "suifrens"
source = { git = "https://github.com/MystenLabs/apps.git", rev = "main", subdir = "suifrens/suifrens" }

dependencies = [
  { id = "Sui", name = "Sui" },
]

[[move.package]]
id = "svg"
source = { local = "../svg" }

dependencies = [
  { id = "Bridge", name = "Bridge" },
  { id = "MoveStdlib", name = "MoveStdlib" },
  { id = "Sui", name = "Sui" },
  { id = "SuiSystem", name = "SuiSystem" },
  { id = "codec", name = "codec" },
]

dev-dependencies = [
  { id = "suifrens", name = "Suifrens" },
]

[move.toolchain-version]
compiler-version = "1.59.0"
edition = "2024"
flavor = "sui"

[env]

[env.testnet]
chain-id = "4c78adac"
original-published-id = "0xbc7aa49232464dd6dc2ece706d8a33df8da24af3cf41f3aa035c3142d1ebd6ec"
latest-published-id = "0xbc7aa49232464dd6dc2ece706d8a33df8da24af3cf41f3aa035c3142d1ebd6ec"
published-version = "1"

[env.mainnet]
chain-id = "35834a8a"
original-published-id = "0xac8414fad5c2283ad717db34e2c75893759a2265e488e3b78f7d75cbe40fa729"
latest-published-id = "0xac8414fad5c2283ad717db34e2c75893759a2265e488e3b78f7d75cbe40fa729"
published-version = "1"
