# Generated by move; do not edit
# This file should be checked in.

[move]
version = 4

[pinned.mainnet.MoveStdlib]
source = { git = "https://github.com/MystenLabs/sui.git", subdir = "crates/sui-framework/packages/move-stdlib", rev = "b38bca86f0323b3fe8b6b7f4ca0cd7ae7faebe4b" }
use_environment = "mainnet"
manifest_digest = "C4FE4C91DE74CBF223B2E380AE40F592177D21870DC2D7EB6227D2D694E05363"
deps = {}

[pinned.mainnet.Sui]
source = { git = "https://github.com/MystenLabs/sui.git", subdir = "crates/sui-framework/packages/sui-framework", rev = "b38bca86f0323b3fe8b6b7f4ca0cd7ae7faebe4b" }
use_environment = "mainnet"
manifest_digest = "CD547CB1ACCE0880C835DAED2D8FFCB91D56C833AE5240D3AA5B918398263195"
deps = { MoveStdlib = "MoveStdlib" }

[pinned.mainnet.ascii]
source = { local = "../ascii" }
use_environment = "mainnet"
manifest_digest = "E41BBD67BE8940D26C79D78B028477EF5B33BA217A1282C78ACB344CF8A5ECF6"
deps = { std = "MoveStdlib", sui = "Sui" }

[pinned.mainnet.codec]
source = { local = "../codec" }
use_environment = "mainnet"
manifest_digest = "0598BE7FBFCBA7568F21B1D4409A8B8652756AD8559A70539BC995E7DCB74B85"
deps = { ascii = "ascii", std = "MoveStdlib", sui = "Sui" }

[pinned.mainnet.date]
source = { root = true }
use_environment = "mainnet"
manifest_digest = "4DC742493B9507C14366842FEF08201B8FD4B7BBF2B086A43CD12F6A396A2886"
deps = { ascii = "ascii", std = "MoveStdlib", sui = "Sui", svg = "svg" }

[pinned.mainnet.svg]
source = { local = "../svg" }
use_environment = "mainnet"
manifest_digest = "7806F5888B26930A9FFCEFA2D77BE1CA72F2078CE0571A63F2A3B0849A430A0E"
deps = { codec = "codec", std = "MoveStdlib", sui = "Sui" }

[pinned.testnet.MoveStdlib]
source = { git = "https://github.com/MystenLabs/sui.git", subdir = "crates/sui-framework/packages/move-stdlib", rev = "b38bca86f0323b3fe8b6b7f4ca0cd7ae7faebe4b" }
use_environment = "testnet"
manifest_digest = "C4FE4C91DE74CBF223B2E380AE40F592177D21870DC2D7EB6227D2D694E05363"
deps = {}

[pinned.testnet.Sui]
source = { git = "https://github.com/MystenLabs/sui.git", subdir = "crates/sui-framework/packages/sui-framework", rev = "b38bca86f0323b3fe8b6b7f4ca0cd7ae7faebe4b" }
use_environment = "testnet"
manifest_digest = "7AFB66695545775FBFBB2D3078ADFD084244D5002392E837FDE21D9EA1C6D01C"
deps = { MoveStdlib = "MoveStdlib" }

[pinned.testnet.ascii]
source = { git = "https://github.com/sui-potatoes/app.git", subdir = "packages/ascii", rev = "f900cd51282a0ebc1fc3925f4fdd996bc207a7f6" }
use_environment = "testnet"
manifest_digest = "5745706258F61D6CE210904B3E6AE87A73CE9D31A6F93BE4718C442529332A87"
deps = { std = "MoveStdlib", sui = "Sui" }

[pinned.testnet.codec]
source = { local = "../codec" }
use_environment = "testnet"
manifest_digest = "624D41042F5F47193828DAC045952B3FE07852A914B46C6075691767CE20EFE7"
deps = { ascii = "ascii", std = "MoveStdlib", sui = "Sui" }

[pinned.testnet.date]
source = { root = true }
use_environment = "testnet"
manifest_digest = "27A0C5F1022F65D2D152230EA5B8DFCB1F8A16AFF33559F3D319511DC7FA8F25"
deps = { ascii = "ascii", std = "MoveStdlib", sui = "Sui", svg = "svg" }

[pinned.testnet.svg]
source = { local = "../svg" }
use_environment = "testnet"
manifest_digest = "76BF4E990C75D452D7BE8920334ADEA08DBF217C2B87E05BF442F5794C654B2A"
deps = { codec = "codec", std = "MoveStdlib", sui = "Sui" }
