# @generated by Move, please check-in and do not edit manually.

[move]
version = 2
manifest_digest = "7A583DF1C78D3723B50DA95F4D5FFEBC0ABAC94CCF83696BB920ACD31306818D"
deps_digest = "F8BBB0CCB2491CA29A3DF03D6F92277A4F3574266507ACD77214D37ECA3F3082"
dependencies = [
  { name = "Sui" },
]

[[move.package]]
name = "MoveStdlib"
source = { git = "https://github.com/MystenLabs/sui.git", rev = "framework/testnet", subdir = "crates/sui-framework/packages/move-stdlib" }

[[move.package]]
name = "Sui"
source = { git = "https://github.com/MystenLabs/sui.git", rev = "framework/testnet", subdir = "crates/sui-framework/packages/sui-framework" }

dependencies = [
  { name = "MoveStdlib" },
]

[move.toolchain-version]
compiler-version = "1.27.2"
edition = "2024.alpha"
flavor = "sui"

[env]

[env.testnet]
chain-id = "4c78adac"
original-published-id = "0xe3bd90fbe8cfdcc861babda8690c44656083460cbf461a2c526e12a4856298dc"
latest-published-id = "0xe3bd90fbe8cfdcc861babda8690c44656083460cbf461a2c526e12a4856298dc"
published-version = "1"
