# @generated by Move, please check-in and do not edit manually.

[move]
version = 3
manifest_digest = "C4427E7861E6183782308B2677E060DAA07399A7075B90E318FCBEF2B1B94000"
deps_digest = "F9B494B64F0615AED0E98FC12A85B85ECD2BC5185C22D30E7F67786BB52E507C"
dependencies = [
  { id = "Bridge", name = "Bridge" },
  { id = "MoveStdlib", name = "MoveStdlib" },
  { id = "Sui", name = "Sui" },
  { id = "SuiSystem", name = "SuiSystem" },
]

[[move.package]]
id = "Bridge"
source = { git = "https://github.com/MystenLabs/sui.git", rev = "61dcfdbe2ddc7ad05d27fc10cd09d4c6cc151acd", subdir = "crates/sui-framework/packages/bridge" }

dependencies = [
  { id = "MoveStdlib", name = "MoveStdlib" },
  { id = "Sui", name = "Sui" },
  { id = "SuiSystem", name = "SuiSystem" },
]

[[move.package]]
id = "MoveStdlib"
source = { git = "https://github.com/MystenLabs/sui.git", rev = "61dcfdbe2ddc7ad05d27fc10cd09d4c6cc151acd", subdir = "crates/sui-framework/packages/move-stdlib" }

[[move.package]]
id = "Sui"
source = { git = "https://github.com/MystenLabs/sui.git", rev = "61dcfdbe2ddc7ad05d27fc10cd09d4c6cc151acd", subdir = "crates/sui-framework/packages/sui-framework" }

dependencies = [
  { id = "MoveStdlib", name = "MoveStdlib" },
]

[[move.package]]
id = "SuiSystem"
source = { git = "https://github.com/MystenLabs/sui.git", rev = "61dcfdbe2ddc7ad05d27fc10cd09d4c6cc151acd", subdir = "crates/sui-framework/packages/sui-system" }

dependencies = [
  { id = "MoveStdlib", name = "MoveStdlib" },
  { id = "Sui", name = "Sui" },
]

[move.toolchain-version]
compiler-version = "1.59.0"
edition = "2024.beta"
flavor = "sui"

[env]

[env.testnet]
chain-id = "4c78adac"
original-published-id = "0xcae1e8a980a40aec47b525199dbc3b15fde59b89768ca49e39b10bdbd47a49fa"
latest-published-id = "0xcae1e8a980a40aec47b525199dbc3b15fde59b89768ca49e39b10bdbd47a49fa"
published-version = "1"
