# @generated by Move, please check-in and do not edit manually.

[move]
version = 3
manifest_digest = "41DBE473CDC92B9593C398E9315D61ED83058D74957E59AFC8A11D1210F31671"
deps_digest = "397E6A9F7A624706DBDFEE056CE88391A15876868FD18A88504DA74EB458D697"
dependencies = [
  { id = "BitField", name = "BitField" },
  { id = "Codec", name = "Codec" },
  { id = "Grid", name = "Grid" },
  { id = "NameGenerator", name = "NameGenerator" },
  { id = "Sui", name = "Sui" },
]

[[move.package]]
id = "BitField"
source = { local = "../bit_field" }

dependencies = [
  { id = "Sui", name = "Sui" },
]

[[move.package]]
id = "Codec"
source = { local = "../codec" }

dependencies = [
  { id = "Sui", name = "Sui" },
]

[[move.package]]
id = "Grid"
source = { local = "../grid" }

dependencies = [
  { id = "Sui", name = "Sui" },
]

[[move.package]]
id = "MoveStdlib"
source = { git = "https://github.com/MystenLabs/sui.git", rev = "releases/sui-v1.41.0-release", subdir = "crates/sui-framework/packages/move-stdlib" }

[[move.package]]
id = "NameGenerator"
source = { local = "../name-gen" }

dependencies = [
  { id = "Sui", name = "Sui" },
]

[[move.package]]
id = "Sui"
source = { git = "https://github.com/MystenLabs/sui.git", rev = "releases/sui-v1.41.0-release", subdir = "crates/sui-framework/packages/sui-framework" }

dependencies = [
  { id = "MoveStdlib", name = "MoveStdlib" },
]

[move.toolchain-version]
compiler-version = "1.40.3"
edition = "2024.beta"
flavor = "sui"

[env]

[env.testnet]
chain-id = "4c78adac"
original-published-id = "0xb7567c255c3e8390e23247284b60a8602f92c7cda4e2e59dbe2135b43f634f5b"
latest-published-id = "0xb7567c255c3e8390e23247284b60a8602f92c7cda4e2e59dbe2135b43f634f5b"
published-version = "1"
