# @generated by Move, please check-in and do not edit manually.

[move]
version = 3
manifest_digest = "FAC199C99CBA4CBEF30CF1C66291C44232C0B3B8BFB6354CB418A8247B0C32F5"
deps_digest = "F9B494B64F0615AED0E98FC12A85B85ECD2BC5185C22D30E7F67786BB52E507C"
dependencies = [
  { id = "BitField", name = "BitField" },
  { id = "Codec", name = "Codec" },
  { id = "Grid", name = "Grid" },
  { id = "Sui", name = "Sui" },
]

[[move.package]]
id = "BitField"
source = { local = "../bit_field" }

dependencies = [
  { id = "Sui", name = "Sui" },
]

[[move.package]]
id = "Codec"
source = { git = "https://github.com/sui-potatoes/app.git", rev = "codec@testnet-v2", subdir = "packages/codec" }

dependencies = [
  { id = "Sui", name = "Sui" },
]

[[move.package]]
id = "Grid"
source = { local = "../grid" }

dependencies = [
  { id = "Sui", name = "Sui" },
]

[[move.package]]
id = "MoveStdlib"
source = { git = "https://github.com/MystenLabs/sui.git", rev = "releases/sui-v1.39.0-release", subdir = "crates/sui-framework/packages/move-stdlib" }

[[move.package]]
id = "Sui"
source = { git = "https://github.com/MystenLabs/sui.git", rev = "releases/sui-v1.39.0-release", subdir = "crates/sui-framework/packages/sui-framework" }

dependencies = [
  { id = "MoveStdlib", name = "MoveStdlib" },
]

[move.toolchain-version]
compiler-version = "1.40.3"
edition = "2024.beta"
flavor = "sui"

[env]

[env.testnet]
chain-id = "4c78adac"
original-published-id = "0x9bf5c7d37810eee66d478ec34060f1865b7e742c756ad658196d1e1310100c9e"
latest-published-id = "0x9bf5c7d37810eee66d478ec34060f1865b7e742c756ad658196d1e1310100c9e"
published-version = "1"
