# @generated by Move, please check-in and do not edit manually.

[move]
version = 2
manifest_digest = "9C26909552AD23CDF7F5A892FA288BC2760DB5DD2D1E3698E8D4F30C7BFA1A82"
deps_digest = "3C4103934B1E040BB6B23F1D610B4EF9F2F1166A50A104EADCF77467C004C600"
dependencies = [
  { name = "GoGame" },
  { name = "Sui" },
]

[[move.package]]
name = "GoGame"
source = { local = "../go-game" }

dependencies = [
  { name = "Sui" },
]

[[move.package]]
name = "MoveStdlib"
source = { git = "https://github.com/MystenLabs/sui.git", rev = "framework/testnet", subdir = "crates/sui-framework/packages/move-stdlib" }

[[move.package]]
name = "Sui"
source = { git = "https://github.com/MystenLabs/sui.git", rev = "framework/testnet", subdir = "crates/sui-framework/packages/sui-framework" }

dependencies = [
  { name = "MoveStdlib" },
]

[move.toolchain-version]
compiler-version = "1.26.0"
edition = "2024.beta"
flavor = "sui"

[env]

[env.testnet]
chain-id = "4c78adac"
original-published-id = "0xfe50fd35667c48ec3342c5182a262aeb8b367188f71524ac8a3ea3e20141e78e"
latest-published-id = "0xfe50fd35667c48ec3342c5182a262aeb8b367188f71524ac8a3ea3e20141e78e"
published-version = "1"
