# @generated by Move, please check-in and do not edit manually.

[move]
version = 2
manifest_digest = "F540F20F999761633236E76FA40D5D581585AB84E4C359226E1E5F121AE60692"
deps_digest = "3C4103934B1E040BB6B23F1D610B4EF9F2F1166A50A104EADCF77467C004C600"
dependencies = [
  { name = "GoGame" },
  { name = "Sui" },
]

[[move.package]]
name = "GoGame"
source = { local = "../go-game" }

dependencies = [
  { name = "Sui" },
]

[[move.package]]
name = "MoveStdlib"
source = { git = "https://github.com/MystenLabs/sui.git", rev = "framework/testnet", subdir = "crates/sui-framework/packages/move-stdlib" }

[[move.package]]
name = "Sui"
source = { git = "https://github.com/MystenLabs/sui.git", rev = "framework/testnet", subdir = "crates/sui-framework/packages/sui-framework" }

dependencies = [
  { name = "MoveStdlib" },
]

[move.toolchain-version]
compiler-version = "1.26.0"
edition = "2024.beta"
flavor = "sui"

[env]

[env.testnet]
chain-id = "4c78adac"
original-published-id = "0x2abb8460a38e00a34ad59477526e10996b2106004da443d5f7c81b4caee4f455"
latest-published-id = "0x2abb8460a38e00a34ad59477526e10996b2106004da443d5f7c81b4caee4f455"
published-version = "1"
