# @generated by Move, please check-in and do not edit manually.

[move]
version = 2
manifest_digest = "37ACC15D7162396AF7850FB8E55A8B23EAE290662A94C0A1A2BF6B35D2E1A14C"
deps_digest = "F8BBB0CCB2491CA29A3DF03D6F92277A4F3574266507ACD77214D37ECA3F3082"
dependencies = [
  { name = "Sui" },
]

[[move.package]]
name = "MoveStdlib"
source = { git = "https://github.com/MystenLabs/sui.git", rev = "framework/testnet", subdir = "crates/sui-framework/packages/move-stdlib" }

[[move.package]]
name = "Sui"
source = { git = "https://github.com/MystenLabs/sui.git", rev = "framework/testnet", subdir = "crates/sui-framework/packages/sui-framework" }

dependencies = [
  { name = "MoveStdlib" },
]

[move.toolchain-version]
compiler-version = "1.26.0"
edition = "2024.beta"
flavor = "sui"

[env]

[env.testnet]
chain-id = "4c78adac"
original-published-id = "0x4319dd321982d6da07489dab65896b7d4151dae14770b040c4bee6368d2399a4"
latest-published-id = "0x4319dd321982d6da07489dab65896b7d4151dae14770b040c4bee6368d2399a4"
published-version = "1"

[env.devnet]
chain-id = "bd665407"
original-published-id = "0x38ac53f73a21ecd24a14a39a8cec76580528e917e3a49bcee7c2ddb830ccf10d"
latest-published-id = "0x38ac53f73a21ecd24a14a39a8cec76580528e917e3a49bcee7c2ddb830ccf10d"
published-version = "1"
