# @generated by Move, please check-in and do not edit manually.

[move]
version = 3
manifest_digest = "A33F4F4ACB0FFE0C2995219E28519E1AB1FEA0ECF12E08406F4F5CE9B042359F"
deps_digest = "F8BBB0CCB2491CA29A3DF03D6F92277A4F3574266507ACD77214D37ECA3F3082"
dependencies = [
  { id = "Sui", name = "Sui" },
]

[[move.package]]
id = "MoveStdlib"
source = { git = "https://github.com/MystenLabs/sui.git", rev = "framework/testnet", subdir = "crates/sui-framework/packages/move-stdlib" }

[[move.package]]
id = "Sui"
source = { git = "https://github.com/MystenLabs/sui.git", rev = "framework/testnet", subdir = "crates/sui-framework/packages/sui-framework" }

dependencies = [
  { id = "MoveStdlib", name = "MoveStdlib" },
]

[move.toolchain-version]
compiler-version = "1.44.3"
edition = "2024"
flavor = "sui"

[env]

[env.testnet]
chain-id = "4c78adac"
original-published-id = "0xc998c2321ecf4314547010116a189d130f3a37910049d3135ff2c97c8228acf1"
latest-published-id = "0xc998c2321ecf4314547010116a189d130f3a37910049d3135ff2c97c8228acf1"
published-version = "1"
